
Microsoft Visual Studio Solution File, Format Version 12.00
# Visual Studio 15
VisualStudioVersion = 15.0.28307.102
MinimumVisualStudioVersion = 10.0.40219.1
Project("{E24C65DC-7377-472B-9ABA-BC803B73C61A}") = "SistemaPedidos", "SistemaPedidos\", "{AC1A578F-849B-4B95-9EB1-95F9A18A86C2}"
	ProjectSection(WebsiteProperties) = preProject
		TargetFrameworkMoniker = ".NETFramework,Version%3Dv4.6.1"
		ProjectReferences = "{8cdba36a-f4b6-4eed-8132-0452db9ffa7f}|Negocio.dll;{62C6B375-D24D-4222-B71B-54EDB9A22C8C}|DAO.dll;{8F739F41-66A0-4123-8367-DAE833979254}|Dominio.dll;"
		Debug.AspNetCompiler.VirtualPath = "/localhost_57643"
		Debug.AspNetCompiler.PhysicalPath = "SistemaPedidos\"
		Debug.AspNetCompiler.TargetPath = "PrecompiledWeb\localhost_57643\"
		Debug.AspNetCompiler.Updateable = "true"
		Debug.AspNetCompiler.ForceOverwrite = "true"
		Debug.AspNetCompiler.FixedNames = "false"
		Debug.AspNetCompiler.Debug = "True"
		Release.AspNetCompiler.VirtualPath = "/localhost_57643"
		Release.AspNetCompiler.PhysicalPath = "SistemaPedidos\"
		Release.AspNetCompiler.TargetPath = "PrecompiledWeb\localhost_57643\"
		Release.AspNetCompiler.Updateable = "true"
		Release.AspNetCompiler.ForceOverwrite = "true"
		Release.AspNetCompiler.FixedNames = "false"
		Release.AspNetCompiler.Debug = "False"
		VWDPort = "57643"
		SlnRelativePath = "SistemaPedidos\"
		DefaultWebSiteLanguage = "Visual C#"
	EndProjectSection
EndProject
Project("{FAE04EC0-301F-11D3-BF4B-00C04F79EFBC}") = "Dominio", "Dominio\Dominio.csproj", "{8F739F41-66A0-4123-8367-DAE833979254}"
EndProject
Project("{FAE04EC0-301F-11D3-BF4B-00C04F79EFBC}") = "DAO", "DAO\DAO.csproj", "{62C6B375-D24D-4222-B71B-54EDB9A22C8C}"
EndProject
Project("{FAE04EC0-301F-11D3-BF4B-00C04F79EFBC}") = "Negocio", "Negocio\Negocio.csproj", "{8CDBA36A-F4B6-4EED-8132-0452DB9FFA7F}"
EndProject
Global
	GlobalSection(SolutionConfigurationPlatforms) = preSolution
		Debug|Any CPU = Debug|Any CPU
		Release|Any CPU = Release|Any CPU
	EndGlobalSection
	GlobalSection(ProjectConfigurationPlatforms) = postSolution
		{AC1A578F-849B-4B95-9EB1-95F9A18A86C2}.Debug|Any CPU.ActiveCfg = Debug|Any CPU
		{AC1A578F-849B-4B95-9EB1-95F9A18A86C2}.Debug|Any CPU.Build.0 = Debug|Any CPU
		{AC1A578F-849B-4B95-9EB1-95F9A18A86C2}.Release|Any CPU.ActiveCfg = Debug|Any CPU
		{AC1A578F-849B-4B95-9EB1-95F9A18A86C2}.Release|Any CPU.Build.0 = Debug|Any CPU
		{8F739F41-66A0-4123-8367-DAE833979254}.Debug|Any CPU.ActiveCfg = Debug|Any CPU
		{8F739F41-66A0-4123-8367-DAE833979254}.Debug|Any CPU.Build.0 = Debug|Any CPU
		{8F739F41-66A0-4123-8367-DAE833979254}.Release|Any CPU.ActiveCfg = Release|Any CPU
		{8F739F41-66A0-4123-8367-DAE833979254}.Release|Any CPU.Build.0 = Release|Any CPU
		{62C6B375-D24D-4222-B71B-54EDB9A22C8C}.Debug|Any CPU.ActiveCfg = Debug|Any CPU
		{62C6B375-D24D-4222-B71B-54EDB9A22C8C}.Debug|Any CPU.Build.0 = Debug|Any CPU
		{62C6B375-D24D-4222-B71B-54EDB9A22C8C}.Release|Any CPU.ActiveCfg = Release|Any CPU
		{62C6B375-D24D-4222-B71B-54EDB9A22C8C}.Release|Any CPU.Build.0 = Release|Any CPU
		{8CDBA36A-F4B6-4EED-8132-0452DB9FFA7F}.Debug|Any CPU.ActiveCfg = Debug|Any CPU
		{8CDBA36A-F4B6-4EED-8132-0452DB9FFA7F}.Debug|Any CPU.Build.0 = Debug|Any CPU
		{8CDBA36A-F4B6-4EED-8132-0452DB9FFA7F}.Release|Any CPU.ActiveCfg = Release|Any CPU
		{8CDBA36A-F4B6-4EED-8132-0452DB9FFA7F}.Release|Any CPU.Build.0 = Release|Any CPU
	EndGlobalSection
	GlobalSection(SolutionProperties) = preSolution
		HideSolutionNode = FALSE
	EndGlobalSection
	GlobalSection(ExtensibilityGlobals) = postSolution
		SolutionGuid = {B3087855-CAA6-4308-9617-CAB8A6C807D0}
	EndGlobalSection
EndGlobal
